// !$*UTF8*$!
{
	archiveVersion = 1;
	classes = {
	};
	objectVersion = 55;
	objects = {

/* Begin PBXBuildFile section */
		C302FEA9273FD5CB0048B560 /* RecipeData.swift in Sources */ = {isa = PBXBuildFile; fileRef = C302FEA8273FD5CB0048B560 /* RecipeData.swift */; };
		C308D3C527BA47C8008D2B00 /* FirebaseStorage in Frameworks */ = {isa = PBXBuildFile; productRef = C308D3C427BA47C8008D2B00 /* FirebaseStorage */; };
		C310355B2735971D00E27766 /* CoffeeAppApp.swift in Sources */ = {isa = PBXBuildFile; fileRef = C310355A2735971D00E27766 /* CoffeeAppApp.swift */; };
		C310355D2735971D00E27766 /* ContentView.swift in Sources */ = {isa = PBXBuildFile; fileRef = C310355C2735971D00E27766 /* ContentView.swift */; };
		C310355F2735971F00E27766 /* Assets.xcassets in Resources */ = {isa = PBXBuildFile; fileRef = C310355E2735971F00E27766 /* Assets.xcassets */; };
		C31035622735971F00E27766 /* Preview Assets.xcassets in Resources */ = {isa = PBXBuildFile; fileRef = C31035612735971F00E27766 /* Preview Assets.xcassets */; };
		C310356A2735A40D00E27766 /* Home.swift in Sources */ = {isa = PBXBuildFile; fileRef = C31035692735A40D00E27766 /* Home.swift */; };
		C3625D9B27456D820090F2B5 /* BaristaData.swift in Sources */ = {isa = PBXBuildFile; fileRef = C3625D9A27456D820090F2B5 /* BaristaData.swift */; };
		C36C1DC427BCE9C500C1D84A /* GoogleService-Info.plist in Resources */ = {isa = PBXBuildFile; fileRef = C36C1DC327BCE9C400C1D84A /* GoogleService-Info.plist */; };
		C3884677273EC76C00EC2551 /* BaristaTileView.swift in Sources */ = {isa = PBXBuildFile; fileRef = C3884676273EC76C00EC2551 /* BaristaTileView.swift */; };
		C388467A273ED15A00EC2551 /* AppColors.swift in Sources */ = {isa = PBXBuildFile; fileRef = C3884679273ED15A00EC2551 /* AppColors.swift */; };
		C388467C273F9FD800EC2551 /* RecipeViewModel.swift in Sources */ = {isa = PBXBuildFile; fileRef = C388467B273F9FD800EC2551 /* RecipeViewModel.swift */; };
		C394560727665F42005FE8BA /* CoffeeListView.swift in Sources */ = {isa = PBXBuildFile; fileRef = C394560627665F42005FE8BA /* CoffeeListView.swift */; };
		C3ED8F20273C337F00E2362F /* CoffeeTileView.swift in Sources */ = {isa = PBXBuildFile; fileRef = C3ED8F1F273C337F00E2362F /* CoffeeTileView.swift */; };
/* End PBXBuildFile section */

/* Begin PBXFileReference section */
		C302FEA8273FD5CB0048B560 /* RecipeData.swift */ = {isa = PBXFileReference; lastKnownFileType = sourcecode.swift; path = RecipeData.swift; sourceTree = "<group>"; };
		C31035572735971D00E27766 /* CoffeeApp.app */ = {isa = PBXFileReference; explicitFileType = wrapper.application; includeInIndex = 0; path = CoffeeApp.app; sourceTree = BUILT_PRODUCTS_DIR; };
		C310355A2735971D00E27766 /* CoffeeAppApp.swift */ = {isa = PBXFileReference; lastKnownFileType = sourcecode.swift; path = CoffeeAppApp.swift; sourceTree = "<group>"; };
		C310355C2735971D00E27766 /* ContentView.swift */ = {isa = PBXFileReference; lastKnownFileType = sourcecode.swift; path = ContentView.swift; sourceTree = "<group>"; };
		C310355E2735971F00E27766 /* Assets.xcassets */ = {isa = PBXFileReference; lastKnownFileType = folder.assetcatalog; path = Assets.xcassets; sourceTree = "<group>"; };
		C31035612735971F00E27766 /* Preview Assets.xcassets */ = {isa = PBXFileReference; lastKnownFileType = folder.assetcatalog; path = "Preview Assets.xcassets"; sourceTree = "<group>"; };
		C31035692735A40D00E27766 /* Home.swift */ = {isa = PBXFileReference; lastKnownFileType = sourcecode.swift; path = Home.swift; sourceTree = "<group>"; };
		C3625D9A27456D820090F2B5 /* BaristaData.swift */ = {isa = PBXFileReference; lastKnownFileType = sourcecode.swift; path = BaristaData.swift; sourceTree = "<group>"; };
		C36C1DC327BCE9C400C1D84A /* GoogleService-Info.plist */ = {isa = PBXFileReference; fileEncoding = 4; lastKnownFileType = text.plist.xml; path = "GoogleService-Info.plist"; sourceTree = "<group>"; };
		C3884676273EC76C00EC2551 /* BaristaTileView.swift */ = {isa = PBXFileReference; lastKnownFileType = sourcecode.swift; path = BaristaTileView.swift; sourceTree = "<group>"; };
		C3884679273ED15A00EC2551 /* AppColors.swift */ = {isa = PBXFileReference; lastKnownFileType = sourcecode.swift; path = AppColors.swift; sourceTree = "<group>"; };
		C388467B273F9FD800EC2551 /* RecipeViewModel.swift */ = {isa = PBXFileReference; lastKnownFileType = sourcecode.swift; path = RecipeViewModel.swift; sourceTree = "<group>"; };
		C394560627665F42005FE8BA /* CoffeeListView.swift */ = {isa = PBXFileReference; lastKnownFileType = sourcecode.swift; path = CoffeeListView.swift; sourceTree = "<group>"; };
		C3ED8F1F273C337F00E2362F /* CoffeeTileView.swift */ = {isa = PBXFileReference; lastKnownFileType = sourcecode.swift; path = CoffeeTileView.swift; sourceTree = "<group>"; };
/* End PBXFileReference section */

/* Begin PBXFrameworksBuildPhase section */
		C31035542735971D00E27766 /* Frameworks */ = {
			isa = PBXFrameworksBuildPhase;
			buildActionMask = 2147483647;
			files = (
				C308D3C527BA47C8008D2B00 /* FirebaseStorage in Frameworks */,
			);
			runOnlyForDeploymentPostprocessing = 0;
		};
/* End PBXFrameworksBuildPhase section */

/* Begin PBXGroup section */
		C302FEA7273FD5A90048B560 /* Models */ = {
			isa = PBXGroup;
			children = (
				C302FEA8273FD5CB0048B560 /* RecipeData.swift */,
				C3625D9A27456D820090F2B5 /* BaristaData.swift */,
			);
			path = Models;
			sourceTree = "<group>";
		};
		C310354E2735971D00E27766 = {
			isa = PBXGroup;
			children = (
				C31035592735971D00E27766 /* CoffeeApp */,
				C31035582735971D00E27766 /* Products */,
			);
			sourceTree = "<group>";
		};
		C31035582735971D00E27766 /* Products */ = {
			isa = PBXGroup;
			children = (
				C31035572735971D00E27766 /* CoffeeApp.app */,
			);
			name = Products;
			sourceTree = "<group>";
		};
		C31035592735971D00E27766 /* CoffeeApp */ = {
			isa = PBXGroup;
			children = (
				C302FEA7273FD5A90048B560 /* Models */,
				C3884678273ED13C00EC2551 /* Utilities */,
				C31035682735A3F600E27766 /* View */,
				C310355A2735971D00E27766 /* CoffeeAppApp.swift */,
				C310355C2735971D00E27766 /* ContentView.swift */,
				C36C1DC327BCE9C400C1D84A /* GoogleService-Info.plist */,
				C310355E2735971F00E27766 /* Assets.xcassets */,
				C31035602735971F00E27766 /* Preview Content */,
			);
			path = CoffeeApp;
			sourceTree = "<group>";
		};
		C31035602735971F00E27766 /* Preview Content */ = {
			isa = PBXGroup;
			children = (
				C31035612735971F00E27766 /* Preview Assets.xcassets */,
			);
			path = "Preview Content";
			sourceTree = "<group>";
		};
		C31035682735A3F600E27766 /* View */ = {
			isa = PBXGroup;
			children = (
				C31035692735A40D00E27766 /* Home.swift */,
				C3ED8F1F273C337F00E2362F /* CoffeeTileView.swift */,
				C3884676273EC76C00EC2551 /* BaristaTileView.swift */,
				C388467B273F9FD800EC2551 /* RecipeViewModel.swift */,
				C394560627665F42005FE8BA /* CoffeeListView.swift */,
			);
			path = View;
			sourceTree = "<group>";
		};
		C3884678273ED13C00EC2551 /* Utilities */ = {
			isa = PBXGroup;
			children = (
				C3884679273ED15A00EC2551 /* AppColors.swift */,
			);
			path = Utilities;
			sourceTree = "<group>";
		};
/* End PBXGroup section */

/* Begin PBXNativeTarget section */
		C31035562735971D00E27766 /* CoffeeApp */ = {
			isa = PBXNativeTarget;
			buildConfigurationList = C31035652735971F00E27766 /* Build configuration list for PBXNativeTarget "CoffeeApp" */;
			buildPhases = (
				C31035532735971D00E27766 /* Sources */,
				C31035542735971D00E27766 /* Frameworks */,
				C31035552735971D00E27766 /* Resources */,
			);
			buildRules = (
			);
			dependencies = (
			);
			name = CoffeeApp;
			packageProductDependencies = (
				C308D3C427BA47C8008D2B00 /* FirebaseStorage */,
			);
			productName = CoffeeApp;
			productReference = C31035572735971D00E27766 /* CoffeeApp.app */;
			productType = "com.apple.product-type.application";
		};
/* End PBXNativeTarget section */

/* Begin PBXProject section */
		C310354F2735971D00E27766 /* Project object */ = {
			isa = PBXProject;
			attributes = {
				BuildIndependentTargetsInParallel = 1;
				LastSwiftUpdateCheck = 1300;
				LastUpgradeCheck = 1300;
				TargetAttributes = {
					C31035562735971D00E27766 = {
						CreatedOnToolsVersion = 13.0;
					};
				};
			};
			buildConfigurationList = C31035522735971D00E27766 /* Build configuration list for PBXProject "CoffeeApp" */;
			compatibilityVersion = "Xcode 13.0";
			developmentRegion = en;
			hasScannedForEncodings = 0;
			knownRegions = (
				en,
				Base,
			);
			mainGroup = C310354E2735971D00E27766;
			packageReferences = (
				C308D3C327BA47C8008D2B00 /* XCRemoteSwiftPackageReference "firebase-ios-sdk" */,
			);
			productRefGroup = C31035582735971D00E27766 /* Products */;
			projectDirPath = "";
			projectRoot = "";
			targets = (
				C31035562735971D00E27766 /* CoffeeApp */,
			);
		};
/* End PBXProject section */

/* Begin PBXResourcesBuildPhase section */
		C31035552735971D00E27766 /* Resources */ = {
			isa = PBXResourcesBuildPhase;
			buildActionMask = 2147483647;
			files = (
				C31035622735971F00E27766 /* Preview Assets.xcassets in Resources */,
				C36C1DC427BCE9C500C1D84A /* GoogleService-Info.plist in Resources */,
				C310355F2735971F00E27766 /* Assets.xcassets in Resources */,
			);
			runOnlyForDeploymentPostprocessing = 0;
		};
/* End PBXResourcesBuildPhase section */

/* Begin PBXSourcesBuildPhase section */
		C31035532735971D00E27766 /* Sources */ = {
			isa = PBXSourcesBuildPhase;
			buildActionMask = 2147483647;
			files = (
				C3884677273EC76C00EC2551 /* BaristaTileView.swift in Sources */,
				C388467A273ED15A00EC2551 /* AppColors.swift in Sources */,
				C3ED8F20273C337F00E2362F /* CoffeeTileView.swift in Sources */,
				C388467C273F9FD800EC2551 /* RecipeViewModel.swift in Sources */,
				C310355D2735971D00E27766 /* ContentView.swift in Sources */,
				C310356A2735A40D00E27766 /* Home.swift in Sources */,
				C394560727665F42005FE8BA /* CoffeeListView.swift in Sources */,
				C310355B2735971D00E27766 /* CoffeeAppApp.swift in Sources */,
				C302FEA9273FD5CB0048B560 /* RecipeData.swift in Sources */,
				C3625D9B27456D820090F2B5 /* BaristaData.swift in Sources */,
			);
			runOnlyForDeploymentPostprocessing = 0;
		};
/* End PBXSourcesBuildPhase section */

/* Begin XCBuildConfiguration section */
		C31035632735971F00E27766 /* Debug */ = {
			isa = XCBuildConfiguration;
			buildSettings = {
				ALWAYS_SEARCH_USER_PATHS = NO;
				CLANG_ANALYZER_NONNULL = YES;
				CLANG_ANALYZER_NUMBER_OBJECT_CONVERSION = YES_AGGRESSIVE;
				CLANG_CXX_LANGUAGE_STANDARD = "gnu++17";
				CLANG_CXX_LIBRARY = "libc++";
				CLANG_ENABLE_MODULES = YES;
				CLANG_ENABLE_OBJC_ARC = YES;
				CLANG_ENABLE_OBJC_WEAK = YES;
				CLANG_WARN_BLOCK_CAPTURE_AUTORELEASING = YES;
				CLANG_WARN_BOOL_CONVERSION = YES;
				CLANG_WARN_COMMA = YES;
				CLANG_WARN_CONSTANT_CONVERSION = YES;
				CLANG_WARN_DEPRECATED_OBJC_IMPLEMENTATIONS = YES;
				CLANG_WARN_DIRECT_OBJC_ISA_USAGE = YES_ERROR;
				CLANG_WARN_DOCUMENTATION_COMMENTS = YES;
				CLANG_WARN_EMPTY_BODY = YES;
				CLANG_WARN_ENUM_CONVERSION = YES;
				CLANG_WARN_INFINITE_RECURSION = YES;
				CLANG_WARN_INT_CONVERSION = YES;
				CLANG_WARN_NON_LITERAL_NULL_CONVERSION = YES;
				CLANG_WARN_OBJC_IMPLICIT_RETAIN_SELF = YES;
				CLANG_WARN_OBJC_LITERAL_CONVERSION = YES;
				CLANG_WARN_OBJC_ROOT_CLASS = YES_ERROR;
				CLANG_WARN_QUOTED_INCLUDE_IN_FRAMEWORK_HEADER = YES;
				CLANG_WARN_RANGE_LOOP_ANALYSIS = YES;
				CLANG_WARN_STRICT_PROTOTYPES = YES;
				CLANG_WARN_SUSPICIOUS_MOVE = YES;
				CLANG_WARN_UNGUARDED_AVAILABILITY = YES_AGGRESSIVE;
				CLANG_WARN_UNREACHABLE_CODE = YES;
				CLANG_WARN__DUPLICATE_METHOD_MATCH = YES;
				COPY_PHASE_STRIP = NO;
				DEBUG_INFORMATION_FORMAT = dwarf;
				ENABLE_STRICT_OBJC_MSGSEND = YES;
				ENABLE_TESTABILITY = YES;
				GCC_C_LANGUAGE_STANDARD = gnu11;
				GCC_DYNAMIC_NO_PIC = NO;
				GCC_NO_COMMON_BLOCKS = YES;
				GCC_OPTIMIZATION_LEVEL = 0;
				GCC_PREPROCESSOR_DEFINITIONS = (
					"DEBUG=1",
					"$(inherited)",
				);
				GCC_WARN_64_TO_32_BIT_CONVERSION = YES;
				GCC_WARN_ABOUT_RETURN_TYPE = YES_ERROR;
				GCC_WARN_UNDECLARED_SELECTOR = YES;
				GCC_WARN_UNINITIALIZED_AUTOS = YES_AGGRESSIVE;
				GCC_WARN_UNUSED_FUNCTION = YES;
				GCC_WARN_UNUSED_VARIABLE = YES;
				IPHONEOS_DEPLOYMENT_TARGET = 15.0;
				MTL_ENABLE_DEBUG_INFO = INCLUDE_SOURCE;
				MTL_FAST_MATH = YES;
				ONLY_ACTIVE_ARCH = YES;
				SDKROOT = iphoneos;
				SWIFT_ACTIVE_COMPILATION_CONDITIONS = DEBUG;
				SWIFT_OPTIMIZATION_LEVEL = "-Onone";
			};
			name = Debug;
		};
		C31035642735971F00E27766 /* Release */ = {
			isa = XCBuildConfiguration;
			buildSettings = {
				ALWAYS_SEARCH_USER_PATHS = NO;
				CLANG_ANALYZER_NONNULL = YES;
				CLANG_ANALYZER_NUMBER_OBJECT_CONVERSION = YES_AGGRESSIVE;
				CLANG_CXX_LANGUAGE_STANDARD = "gnu++17";
				CLANG_CXX_LIBRARY = "libc++";
				CLANG_ENABLE_MODULES = YES;
				CLANG_ENABLE_OBJC_ARC = YES;
				CLANG_ENABLE_OBJC_WEAK = YES;
				CLANG_WARN_BLOCK_CAPTURE_AUTORELEASING = YES;
				CLANG_WARN_BOOL_CONVERSION = YES;
				CLANG_WARN_COMMA = YES;
				CLANG_WARN_CONSTANT_CONVERSION = YES;
				CLANG_WARN_DEPRECATED_OBJC_IMPLEMENTATIONS = YES;
				CLANG_WARN_DIRECT_OBJC_ISA_USAGE = YES_ERROR;
				CLANG_WARN_DOCUMENTATION_COMMENTS = YES;
				CLANG_WARN_EMPTY_BODY = YES;
				CLANG_WARN_ENUM_CONVERSION = YES;
				CLANG_WARN_INFINITE_RECURSION = YES;
				CLANG_WARN_INT_CONVERSION = YES;
				CLANG_WARN_NON_LITERAL_NULL_CONVERSION = YES;
				CLANG_WARN_OBJC_IMPLICIT_RETAIN_SELF = YES;
				CLANG_WARN_OBJC_LITERAL_CONVERSION = YES;
				CLANG_WARN_OBJC_ROOT_CLASS = YES_ERROR;
				CLANG_WARN_QUOTED_INCLUDE_IN_FRAMEWORK_HEADER = YES;
				CLANG_WARN_RANGE_LOOP_ANALYSIS = YES;
				CLANG_WARN_STRICT_PROTOTYPES = YES;
				CLANG_WARN_SUSPICIOUS_MOVE = YES;
				CLANG_WARN_UNGUARDED_AVAILABILITY = YES_AGGRESSIVE;
				CLANG_WARN_UNREACHABLE_CODE = YES;
				CLANG_WARN__DUPLICATE_METHOD_MATCH = YES;
				COPY_PHASE_STRIP = NO;
				DEBUG_INFORMATION_FORMAT = "dwarf-with-dsym";
				ENABLE_NS_ASSERTIONS = NO;
				ENABLE_STRICT_OBJC_MSGSEND = YES;
				GCC_C_LANGUAGE_STANDARD = gnu11;
				GCC_NO_COMMON_BLOCKS = YES;
				GCC_WARN_64_TO_32_BIT_CONVERSION = YES;
				GCC_WARN_ABOUT_RETURN_TYPE = YES_ERROR;
				GCC_WARN_UNDECLARED_SELECTOR = YES;
				GCC_WARN_UNINITIALIZED_AUTOS = YES_AGGRESSIVE;
				GCC_WARN_UNUSED_FUNCTION = YES;
				GCC_WARN_UNUSED_VARIABLE = YES;
				IPHONEOS_DEPLOYMENT_TARGET = 15.0;
				MTL_ENABLE_DEBUG_INFO = NO;
				MTL_FAST_MATH = YES;
				SDKROOT = iphoneos;
				SWIFT_COMPILATION_MODE = wholemodule;
				SWIFT_OPTIMIZATION_LEVEL = "-O";
				VALIDATE_PRODUCT = YES;
			};
			name = Release;
		};
		C31035662735971F00E27766 /* Debug */ = {
			isa = XCBuildConfiguration;
			buildSettings = {
				ASSETCATALOG_COMPILER_APPICON_NAME = AppIcon;
				ASSETCATALOG_COMPILER_GLOBAL_ACCENT_COLOR_NAME = AccentColor;
				CODE_SIGN_STYLE = Automatic;
				CURRENT_PROJECT_VERSION = 1;
				DEVELOPMENT_ASSET_PATHS = "\"CoffeeApp/Preview Content\"";
				ENABLE_PREVIEWS = YES;
				GENERATE_INFOPLIST_FILE = YES;
				INFOPLIST_KEY_UIApplicationSceneManifest_Generation = YES;
				INFOPLIST_KEY_UIApplicationSupportsIndirectInputEvents = YES;
				INFOPLIST_KEY_UILaunchScreen_Generation = YES;
				INFOPLIST_KEY_UISupportedInterfaceOrientations_iPad = "UIInterfaceOrientationPortrait UIInterfaceOrientationPortraitUpsideDown UIInterfaceOrientationLandscapeLeft UIInterfaceOrientationLandscapeRight";
				INFOPLIST_KEY_UISupportedInterfaceOrientations_iPhone = "UIInterfaceOrientationPortrait UIInterfaceOrientationLandscapeLeft UIInterfaceOrientationLandscapeRight";
				IPHONEOS_DEPLOYMENT_TARGET = 14.0;
				LD_RUNPATH_SEARCH_PATHS = (
					"$(inherited)",
					"@executable_path/Frameworks",
				);
				MARKETING_VERSION = 1.0;
				PRODUCT_BUNDLE_IDENTIFIER = com.denin.CoffeeApp;
				PRODUCT_NAME = "$(TARGET_NAME)";
				SWIFT_EMIT_LOC_STRINGS = YES;
				SWIFT_VERSION = 5.0;
				TARGETED_DEVICE_FAMILY = "1,2";
			};
			name = Debug;
		};
		C31035672735971F00E27766 /* Release */ = {
			isa = XCBuildConfiguration;
			buildSettings = {
				ASSETCATALOG_COMPILER_APPICON_NAME = AppIcon;
				ASSETCATALOG_COMPILER_GLOBAL_ACCENT_COLOR_NAME = AccentColor;
				CODE_SIGN_STYLE = Automatic;
				CURRENT_PROJECT_VERSION = 1;
				DEVELOPMENT_ASSET_PATHS = "\"CoffeeApp/Preview Content\"";
				ENABLE_PREVIEWS = YES;
				GENERATE_INFOPLIST_FILE = YES;
				INFOPLIST_KEY_UIApplicationSceneManifest_Generation = YES;
				INFOPLIST_KEY_UIApplicationSupportsIndirectInputEvents = YES;
				INFOPLIST_KEY_UILaunchScreen_Generation = YES;
				INFOPLIST_KEY_UISupportedInterfaceOrientations_iPad = "UIInterfaceOrientationPortrait UIInterfaceOrientationPortraitUpsideDown UIInterfaceOrientationLandscapeLeft UIInterfaceOrientationLandscapeRight";
				INFOPLIST_KEY_UISupportedInterfaceOrientations_iPhone = "UIInterfaceOrientationPortrait UIInterfaceOrientationLandscapeLeft UIInterfaceOrientationLandscapeRight";
				IPHONEOS_DEPLOYMENT_TARGET = 14.0;
				LD_RUNPATH_SEARCH_PATHS = (
					"$(inherited)",
					"@executable_path/Frameworks",
				);
				MARKETING_VERSION = 1.0;
				PRODUCT_BUNDLE_IDENTIFIER = com.denin.CoffeeApp;
				PRODUCT_NAME = "$(TARGET_NAME)";
				SWIFT_EMIT_LOC_STRINGS = YES;
				SWIFT_VERSION = 5.0;
				TARGETED_DEVICE_FAMILY = "1,2";
			};
			name = Release;
		};
/* End XCBuildConfiguration section */

/* Begin XCConfigurationList section */
		C31035522735971D00E27766 /* Build configuration list for PBXProject "CoffeeApp" */ = {
			isa = XCConfigurationList;
			buildConfigurations = (
				C31035632735971F00E27766 /* Debug */,
				C31035642735971F00E27766 /* Release */,
			);
			defaultConfigurationIsVisible = 0;
			defaultConfigurationName = Release;
		};
		C31035652735971F00E27766 /* Build configuration list for PBXNativeTarget "CoffeeApp" */ = {
			isa = XCConfigurationList;
			buildConfigurations = (
				C31035662735971F00E27766 /* Debug */,
				C31035672735971F00E27766 /* Release */,
			);
			defaultConfigurationIsVisible = 0;
			defaultConfigurationName = Release;
		};
/* End XCConfigurationList section */

/* Begin XCRemoteSwiftPackageReference section */
		C308D3C327BA47C8008D2B00 /* XCRemoteSwiftPackageReference "firebase-ios-sdk" */ = {
			isa = XCRemoteSwiftPackageReference;
			repositoryURL = "https://github.com/firebase/firebase-ios-sdk";
			requirement = {
				kind = upToNextMajorVersion;
				minimumVersion = 8.0.0;
			};
		};
/* End XCRemoteSwiftPackageReference section */

/* Begin XCSwiftPackageProductDependency section */
		C308D3C427BA47C8008D2B00 /* FirebaseStorage */ = {
			isa = XCSwiftPackageProductDependency;
			package = C308D3C327BA47C8008D2B00 /* XCRemoteSwiftPackageReference "firebase-ios-sdk" */;
			productName = FirebaseStorage;
		};
/* End XCSwiftPackageProductDependency section */
	};
	rootObject = C310354F2735971D00E27766 /* Project object */;
}
